# This is a Gradle generated file for dependency locking.
# Manual edits can break the build and are not advised.
# This file is expected to be part of source control.
androidx.activity:activity-compose:1.8.2=debugUnitTestRuntimeClasspath,releaseRuntimeClasspath
androidx.activity:activity-ktx:1.7.0=releaseLintChecksClasspath
androidx.activity:activity-ktx:1.8.2=debugUnitTestRuntimeClasspath,releaseRuntimeClasspath
androidx.activity:activity:1.7.0=releaseLintChecksClasspath
androidx.activity:activity:1.8.2=debugUnitTestRuntimeClasspath,releaseRuntimeClasspath
androidx.annotation:annotation-experimental:1.4.1=debugCompileClasspath,debugUnitTestRuntimeClasspath,releaseCompileClasspath,releaseLintChecksClasspath,releaseRuntimeClasspath
androidx.annotation:annotation-jvm:1.9.1=debugCompileClasspath,debugUnitTestRuntimeClasspath,releaseCompileClasspath,releaseLintChecksClasspath,releaseRuntimeClasspath
androidx.annotation:annotation:1.9.1=debugCompileClasspath,debugUnitTestRuntimeClasspath,releaseCompileClasspath,releaseLintChecksClasspath,releaseRuntimeClasspath
androidx.appcompat:appcompat-resources:1.6.1=debugUnitTestRuntimeClasspath,releaseLintChecksClasspath,releaseRuntimeClasspath
androidx.arch.core:core-common:2.2.0=debugCompileClasspath,debugUnitTestRuntimeClasspath,releaseCompileClasspath,releaseLintChecksClasspath,releaseRuntimeClasspath
androidx.arch.core:core-runtime:2.2.0=debugUnitTestRuntimeClasspath,releaseLintChecksClasspath,releaseRuntimeClasspath
androidx.autofill:autofill:1.0.0=debugUnitTestRuntimeClasspath,releaseLintChecksClasspath,releaseRuntimeClasspath
androidx.collection:collection-jvm:1.5.0=debugCompileClasspath,debugUnitTestRuntimeClasspath,releaseCompileClasspath,releaseLintChecksClasspath,releaseRuntimeClasspath
androidx.collection:collection-ktx:1.5.0=debugUnitTestRuntimeClasspath,releaseLintChecksClasspath,releaseRuntimeClasspath
androidx.collection:collection:1.5.0=debugCompileClasspath,debugUnitTestRuntimeClasspath,releaseCompileClasspath,releaseLintChecksClasspath,releaseRuntimeClasspath
androidx.compose.animation:animation-android:1.9.0=debugCompileClasspath,debugUnitTestRuntimeClasspath,releaseCompileClasspath,releaseLintChecksClasspath,releaseRuntimeClasspath
androidx.compose.animation:animation-core-android:1.9.0=debugCompileClasspath,debugUnitTestRuntimeClasspath,releaseCompileClasspath,releaseLintChecksClasspath,releaseRuntimeClasspath
androidx.compose.animation:animation-core:1.9.0=debugCompileClasspath,debugUnitTestRuntimeClasspath,releaseCompileClasspath,releaseLintChecksClasspath,releaseRuntimeClasspath
androidx.compose.animation:animation:1.9.0=debugCompileClasspath,debugUnitTestRuntimeClasspath,releaseCompileClasspath,releaseLintChecksClasspath,releaseRuntimeClasspath
androidx.compose.foundation:foundation-android:1.9.0=debugCompileClasspath,debugUnitTestRuntimeClasspath,releaseCompileClasspath,releaseLintChecksClasspath,releaseRuntimeClasspath
androidx.compose.foundation:foundation-layout-android:1.9.0=debugCompileClasspath,debugUnitTestRuntimeClasspath,releaseCompileClasspath,releaseLintChecksClasspath,releaseRuntimeClasspath
androidx.compose.foundation:foundation-layout:1.9.0=debugCompileClasspath,debugUnitTestRuntimeClasspath,releaseCompileClasspath,releaseLintChecksClasspath,releaseRuntimeClasspath
androidx.compose.foundation:foundation:1.9.0=debugCompileClasspath,debugUnitTestRuntimeClasspath,releaseCompileClasspath,releaseLintChecksClasspath,releaseRuntimeClasspath
androidx.compose.material3:material3-android:1.3.2=debugCompileClasspath,debugUnitTestRuntimeClasspath,releaseCompileClasspath,releaseRuntimeClasspath
androidx.compose.material3:material3-desktop:1.3.2=releaseLintChecksClasspath
androidx.compose.material3:material3:1.3.2=debugCompileClasspath,debugUnitTestRuntimeClasspath,releaseCompileClasspath,releaseLintChecksClasspath,releaseRuntimeClasspath
androidx.compose.material:material-icons-core-android:1.7.8=debugCompileClasspath,debugUnitTestRuntimeClasspath,releaseCompileClasspath,releaseRuntimeClasspath
androidx.compose.material:material-icons-core-desktop:1.7.8=releaseLintChecksClasspath
androidx.compose.material:material-icons-core:1.7.8=debugCompileClasspath,debugUnitTestRuntimeClasspath,releaseCompileClasspath,releaseLintChecksClasspath,releaseRuntimeClasspath
androidx.compose.material:material-icons-extended-android:1.7.8=debugCompileClasspath,debugUnitTestRuntimeClasspath,releaseCompileClasspath,releaseRuntimeClasspath
androidx.compose.material:material-icons-extended-desktop:1.7.8=releaseLintChecksClasspath
androidx.compose.material:material-icons-extended:1.7.8=debugCompileClasspath,debugUnitTestRuntimeClasspath,releaseCompileClasspath,releaseLintChecksClasspath,releaseRuntimeClasspath
androidx.compose.material:material-ripple-android:1.9.0=debugCompileClasspath,debugUnitTestRuntimeClasspath,releaseCompileClasspath,releaseLintChecksClasspath,releaseRuntimeClasspath
androidx.compose.material:material-ripple:1.9.0=debugCompileClasspath,debugUnitTestRuntimeClasspath,releaseCompileClasspath,releaseLintChecksClasspath,releaseRuntimeClasspath
androidx.compose.runtime:runtime-android:1.9.0=debugCompileClasspath,debugUnitTestRuntimeClasspath,releaseCompileClasspath,releaseLintChecksClasspath,releaseRuntimeClasspath
androidx.compose.runtime:runtime-annotation-android:1.9.0=debugCompileClasspath,debugUnitTestRuntimeClasspath,releaseCompileClasspath,releaseLintChecksClasspath,releaseRuntimeClasspath
androidx.compose.runtime:runtime-annotation:1.9.0=debugCompileClasspath,debugUnitTestRuntimeClasspath,releaseCompileClasspath,releaseLintChecksClasspath,releaseRuntimeClasspath
androidx.compose.runtime:runtime-saveable-android:1.9.0=debugCompileClasspath,debugUnitTestRuntimeClasspath,releaseCompileClasspath,releaseLintChecksClasspath,releaseRuntimeClasspath
androidx.compose.runtime:runtime-saveable:1.9.0=debugCompileClasspath,debugUnitTestRuntimeClasspath,releaseCompileClasspath,releaseLintChecksClasspath,releaseRuntimeClasspath
androidx.compose.runtime:runtime:1.9.0=debugCompileClasspath,debugUnitTestRuntimeClasspath,releaseCompileClasspath,releaseLintChecksClasspath,releaseRuntimeClasspath
androidx.compose.ui:ui-android:1.9.0=debugCompileClasspath,debugUnitTestRuntimeClasspath,releaseCompileClasspath,releaseLintChecksClasspath,releaseRuntimeClasspath
androidx.compose.ui:ui-geometry-android:1.9.0=debugCompileClasspath,debugUnitTestRuntimeClasspath,releaseCompileClasspath,releaseLintChecksClasspath,releaseRuntimeClasspath
androidx.compose.ui:ui-geometry:1.9.0=debugCompileClasspath,debugUnitTestRuntimeClasspath,releaseCompileClasspath,releaseLintChecksClasspath,releaseRuntimeClasspath
androidx.compose.ui:ui-graphics-android:1.9.0=debugCompileClasspath,debugUnitTestRuntimeClasspath,releaseCompileClasspath,releaseLintChecksClasspath,releaseRuntimeClasspath
androidx.compose.ui:ui-graphics:1.9.0=debugCompileClasspath,debugUnitTestRuntimeClasspath,releaseCompileClasspath,releaseLintChecksClasspath,releaseRuntimeClasspath
androidx.compose.ui:ui-text-android:1.9.0=debugCompileClasspath,debugUnitTestRuntimeClasspath,releaseCompileClasspath,releaseLintChecksClasspath,releaseRuntimeClasspath
androidx.compose.ui:ui-text:1.9.0=debugCompileClasspath,debugUnitTestRuntimeClasspath,releaseCompileClasspath,releaseLintChecksClasspath,releaseRuntimeClasspath
androidx.compose.ui:ui-unit-android:1.9.0=debugCompileClasspath,debugUnitTestRuntimeClasspath,releaseCompileClasspath,releaseLintChecksClasspath,releaseRuntimeClasspath
androidx.compose.ui:ui-unit:1.9.0=debugCompileClasspath,debugUnitTestRuntimeClasspath,releaseCompileClasspath,releaseLintChecksClasspath,releaseRuntimeClasspath
androidx.compose.ui:ui-util-android:1.9.0=debugCompileClasspath,debugUnitTestRuntimeClasspath,releaseCompileClasspath,releaseLintChecksClasspath,releaseRuntimeClasspath
androidx.compose.ui:ui-util:1.9.0=debugCompileClasspath,debugUnitTestRuntimeClasspath,releaseCompileClasspath,releaseLintChecksClasspath,releaseRuntimeClasspath
androidx.compose.ui:ui:1.9.0=debugCompileClasspath,debugUnitTestRuntimeClasspath,releaseCompileClasspath,releaseLintChecksClasspath,releaseRuntimeClasspath
androidx.compose:compose-bom:2025.08.01=debugCompileClasspath,debugUnitTestRuntimeClasspath,releaseCompileClasspath,releaseLintChecksClasspath,releaseRuntimeClasspath
androidx.concurrent:concurrent-futures:1.1.0=debugUnitTestRuntimeClasspath,releaseLintChecksClasspath,releaseRuntimeClasspath
androidx.core:core-ktx:1.15.0=debugUnitTestRuntimeClasspath,releaseLintChecksClasspath,releaseRuntimeClasspath
androidx.core:core-ktx:1.2.0=debugCompileClasspath,releaseCompileClasspath
androidx.core:core-viewtree:1.0.0=debugUnitTestRuntimeClasspath,releaseLintChecksClasspath,releaseRuntimeClasspath
androidx.core:core:1.15.0=debugUnitTestRuntimeClasspath,releaseLintChecksClasspath,releaseRuntimeClasspath
androidx.core:core:1.2.0=debugCompileClasspath,releaseCompileClasspath
androidx.customview:customview-poolingcontainer:1.0.0=debugUnitTestRuntimeClasspath,releaseLintChecksClasspath,releaseRuntimeClasspath
androidx.datastore:datastore-android:1.1.7=debugUnitTestRuntimeClasspath,releaseRuntimeClasspath
androidx.datastore:datastore-core-android:1.1.7=debugUnitTestRuntimeClasspath,releaseRuntimeClasspath
androidx.datastore:datastore-core-jvm:1.1.7=releaseLintChecksClasspath
androidx.datastore:datastore-core-okio-jvm:1.1.7=debugUnitTestRuntimeClasspath,releaseLintChecksClasspath,releaseRuntimeClasspath
androidx.datastore:datastore-core-okio:1.1.7=debugUnitTestRuntimeClasspath,releaseLintChecksClasspath,releaseRuntimeClasspath
androidx.datastore:datastore-core:1.1.7=debugUnitTestRuntimeClasspath,releaseLintChecksClasspath,releaseRuntimeClasspath
androidx.datastore:datastore-jvm:1.1.7=releaseLintChecksClasspath
androidx.datastore:datastore-preferences-android:1.1.7=debugUnitTestRuntimeClasspath,releaseRuntimeClasspath
androidx.datastore:datastore-preferences-core-android:1.1.7=debugUnitTestRuntimeClasspath,releaseRuntimeClasspath
androidx.datastore:datastore-preferences-core-jvm:1.1.7=releaseLintChecksClasspath
androidx.datastore:datastore-preferences-core:1.1.7=debugUnitTestRuntimeClasspath,releaseLintChecksClasspath,releaseRuntimeClasspath
androidx.datastore:datastore-preferences-external-protobuf:1.1.7=debugUnitTestRuntimeClasspath,releaseLintChecksClasspath,releaseRuntimeClasspath
androidx.datastore:datastore-preferences-jvm:1.1.7=releaseLintChecksClasspath
androidx.datastore:datastore-preferences-proto:1.1.7=debugUnitTestRuntimeClasspath,releaseLintChecksClasspath,releaseRuntimeClasspath
androidx.datastore:datastore-preferences:1.1.7=debugUnitTestRuntimeClasspath,releaseLintChecksClasspath,releaseRuntimeClasspath
androidx.datastore:datastore:1.1.7=debugUnitTestRuntimeClasspath,releaseLintChecksClasspath,releaseRuntimeClasspath
androidx.emoji2:emoji2:1.4.0=debugUnitTestRuntimeClasspath,releaseLintChecksClasspath,releaseRuntimeClasspath
androidx.exifinterface:exifinterface:1.3.7=debugUnitTestRuntimeClasspath,releaseLintChecksClasspath,releaseRuntimeClasspath
androidx.graphics:graphics-path:1.0.1=debugUnitTestRuntimeClasspath,releaseLintChecksClasspath,releaseRuntimeClasspath
androidx.interpolator:interpolator:1.0.0=debugUnitTestRuntimeClasspath,releaseLintChecksClasspath,releaseRuntimeClasspath
androidx.lifecycle:lifecycle-common-java8:2.9.2=debugUnitTestRuntimeClasspath,releaseRuntimeClasspath
androidx.lifecycle:lifecycle-common-jvm:2.9.2=debugCompileClasspath,debugUnitTestRuntimeClasspath,releaseCompileClasspath,releaseLintChecksClasspath,releaseRuntimeClasspath
androidx.lifecycle:lifecycle-common:2.9.2=debugCompileClasspath,debugUnitTestRuntimeClasspath,releaseCompileClasspath,releaseLintChecksClasspath,releaseRuntimeClasspath
androidx.lifecycle:lifecycle-livedata-core:2.9.2=debugCompileClasspath,debugUnitTestRuntimeClasspath,releaseCompileClasspath,releaseLintChecksClasspath,releaseRuntimeClasspath
androidx.lifecycle:lifecycle-process:2.9.2=debugUnitTestRuntimeClasspath,releaseLintChecksClasspath,releaseRuntimeClasspath
androidx.lifecycle:lifecycle-runtime-android:2.9.2=debugCompileClasspath,debugUnitTestRuntimeClasspath,releaseCompileClasspath,releaseLintChecksClasspath,releaseRuntimeClasspath
androidx.lifecycle:lifecycle-runtime-compose-android:2.9.2=debugCompileClasspath,debugUnitTestRuntimeClasspath,releaseCompileClasspath,releaseLintChecksClasspath,releaseRuntimeClasspath
androidx.lifecycle:lifecycle-runtime-compose:2.9.2=debugCompileClasspath,debugUnitTestRuntimeClasspath,releaseCompileClasspath,releaseLintChecksClasspath,releaseRuntimeClasspath
androidx.lifecycle:lifecycle-runtime-ktx-android:2.9.2=debugCompileClasspath,debugUnitTestRuntimeClasspath,releaseCompileClasspath,releaseLintChecksClasspath,releaseRuntimeClasspath
androidx.lifecycle:lifecycle-runtime-ktx:2.9.2=debugCompileClasspath,debugUnitTestRuntimeClasspath,releaseCompileClasspath,releaseLintChecksClasspath,releaseRuntimeClasspath
androidx.lifecycle:lifecycle-runtime:2.9.2=debugCompileClasspath,debugUnitTestRuntimeClasspath,releaseCompileClasspath,releaseLintChecksClasspath,releaseRuntimeClasspath
androidx.lifecycle:lifecycle-viewmodel-android:2.9.2=debugCompileClasspath,debugUnitTestRuntimeClasspath,releaseCompileClasspath,releaseLintChecksClasspath,releaseRuntimeClasspath
androidx.lifecycle:lifecycle-viewmodel-compose-android:2.9.2=debugCompileClasspath,debugUnitTestRuntimeClasspath,releaseCompileClasspath,releaseLintChecksClasspath,releaseRuntimeClasspath
androidx.lifecycle:lifecycle-viewmodel-compose:2.9.2=debugCompileClasspath,debugUnitTestRuntimeClasspath,releaseCompileClasspath,releaseLintChecksClasspath,releaseRuntimeClasspath
androidx.lifecycle:lifecycle-viewmodel-ktx:2.9.2=debugUnitTestRuntimeClasspath,releaseLintChecksClasspath,releaseRuntimeClasspath
androidx.lifecycle:lifecycle-viewmodel-savedstate-android:2.9.2=debugCompileClasspath,debugUnitTestRuntimeClasspath,releaseCompileClasspath,releaseLintChecksClasspath,releaseRuntimeClasspath
androidx.lifecycle:lifecycle-viewmodel-savedstate:2.9.2=debugCompileClasspath,debugUnitTestRuntimeClasspath,releaseCompileClasspath,releaseLintChecksClasspath,releaseRuntimeClasspath
androidx.lifecycle:lifecycle-viewmodel:2.9.2=debugCompileClasspath,debugUnitTestRuntimeClasspath,releaseCompileClasspath,releaseLintChecksClasspath,releaseRuntimeClasspath
androidx.profileinstaller:profileinstaller:1.4.0=debugUnitTestRuntimeClasspath,releaseLintChecksClasspath,releaseRuntimeClasspath
androidx.room:room-common-jvm:2.7.2=debugUnitTestRuntimeClasspath,releaseLintChecksClasspath,releaseRuntimeClasspath
androidx.room:room-common:2.7.2=debugUnitTestRuntimeClasspath,releaseLintChecksClasspath,releaseRuntimeClasspath
androidx.room:room-ktx:2.7.2=debugUnitTestRuntimeClasspath,releaseLintChecksClasspath,releaseRuntimeClasspath
androidx.room:room-runtime-android:2.7.2=debugUnitTestRuntimeClasspath,releaseLintChecksClasspath,releaseRuntimeClasspath
androidx.room:room-runtime:2.7.2=debugUnitTestRuntimeClasspath,releaseLintChecksClasspath,releaseRuntimeClasspath
androidx.savedstate:savedstate-android:1.3.1=debugCompileClasspath,debugUnitTestRuntimeClasspath,releaseCompileClasspath,releaseLintChecksClasspath,releaseRuntimeClasspath
androidx.savedstate:savedstate-compose-android:1.3.1=debugCompileClasspath,debugUnitTestRuntimeClasspath,releaseCompileClasspath,releaseLintChecksClasspath,releaseRuntimeClasspath
androidx.savedstate:savedstate-compose:1.3.1=debugCompileClasspath,debugUnitTestRuntimeClasspath,releaseCompileClasspath,releaseLintChecksClasspath,releaseRuntimeClasspath
androidx.savedstate:savedstate-ktx:1.3.1=debugUnitTestRuntimeClasspath,releaseLintChecksClasspath,releaseRuntimeClasspath
androidx.savedstate:savedstate:1.3.1=debugCompileClasspath,debugUnitTestRuntimeClasspath,releaseCompileClasspath,releaseLintChecksClasspath,releaseRuntimeClasspath
androidx.sqlite:sqlite-android:2.5.1=debugUnitTestRuntimeClasspath,releaseLintChecksClasspath,releaseRuntimeClasspath
androidx.sqlite:sqlite-framework-android:2.5.1=debugUnitTestRuntimeClasspath,releaseLintChecksClasspath,releaseRuntimeClasspath
androidx.sqlite:sqlite-framework:2.5.1=debugUnitTestRuntimeClasspath,releaseLintChecksClasspath,releaseRuntimeClasspath
androidx.sqlite:sqlite:2.5.1=debugUnitTestRuntimeClasspath,releaseLintChecksClasspath,releaseRuntimeClasspath
androidx.startup:startup-runtime:1.1.1=debugUnitTestRuntimeClasspath,releaseLintChecksClasspath,releaseRuntimeClasspath
androidx.tracing:tracing:1.2.0=debugUnitTestRuntimeClasspath,releaseLintChecksClasspath,releaseRuntimeClasspath
androidx.vectordrawable:vectordrawable-animated:1.1.0=debugUnitTestRuntimeClasspath,releaseLintChecksClasspath,releaseRuntimeClasspath
androidx.vectordrawable:vectordrawable:1.1.0=debugUnitTestRuntimeClasspath,releaseLintChecksClasspath,releaseRuntimeClasspath
androidx.versionedparcelable:versionedparcelable:1.1.0=debugCompileClasspath,releaseCompileClasspath
androidx.versionedparcelable:versionedparcelable:1.1.1=debugUnitTestRuntimeClasspath,releaseLintChecksClasspath,releaseRuntimeClasspath
com.android.tools:desugar_jdk_libs:2.1.5=coreLibraryDesugaring
com.android.tools:desugar_jdk_libs_configuration:2.1.5=coreLibraryDesugaring
com.google.accompanist:accompanist-drawablepainter:0.32.0=debugUnitTestRuntimeClasspath,releaseLintChecksClasspath,releaseRuntimeClasspath
com.google.code.gson:gson:2.13.1=debugCompileClasspath,debugUnitTestRuntimeClasspath,releaseCompileClasspath,releaseLintChecksClasspath,releaseRuntimeClasspath
com.google.errorprone:error_prone_annotations:2.38.0=debugCompileClasspath,debugUnitTestRuntimeClasspath,releaseCompileClasspath,releaseLintChecksClasspath,releaseRuntimeClasspath
com.google.guava:listenablefuture:1.0=debugUnitTestRuntimeClasspath,releaseLintChecksClasspath,releaseRuntimeClasspath
com.google.zxing:core:3.5.3=debugUnitTestRuntimeClasspath,releaseLintChecksClasspath,releaseRuntimeClasspath
com.squareup.okhttp3:okhttp:4.12.0=debugCompileClasspath,debugUnitTestRuntimeClasspath,releaseCompileClasspath,releaseLintChecksClasspath,releaseRuntimeClasspath
com.squareup.okio:okio-jvm:3.9.0=debugCompileClasspath,debugUnitTestRuntimeClasspath,releaseCompileClasspath,releaseLintChecksClasspath,releaseRuntimeClasspath
com.squareup.okio:okio:3.9.0=debugCompileClasspath,debugUnitTestRuntimeClasspath,releaseCompileClasspath,releaseLintChecksClasspath,releaseRuntimeClasspath
io.coil-kt:coil-base:2.7.0=debugCompileClasspath,debugUnitTestRuntimeClasspath,releaseCompileClasspath,releaseLintChecksClasspath,releaseRuntimeClasspath
io.coil-kt:coil-compose-base:2.7.0=debugCompileClasspath,debugUnitTestRuntimeClasspath,releaseCompileClasspath,releaseLintChecksClasspath,releaseRuntimeClasspath
io.coil-kt:coil-compose:2.7.0=debugCompileClasspath,debugUnitTestRuntimeClasspath,releaseCompileClasspath,releaseLintChecksClasspath,releaseRuntimeClasspath
io.coil-kt:coil:2.7.0=debugCompileClasspath,debugUnitTestRuntimeClasspath,releaseCompileClasspath,releaseLintChecksClasspath,releaseRuntimeClasspath
junit:junit:4.13.2=debugUnitTestRuntimeClasspath
org.hamcrest:hamcrest-core:1.3=debugUnitTestRuntimeClasspath
org.jetbrains.kotlin:kotlin-android-extensions-runtime:1.9.22=debugUnitTestRuntimeClasspath,releaseRuntimeClasspath
org.jetbrains.kotlin:kotlin-build-tools-api:2.2.10=kotlinBuildToolsApiClasspath
org.jetbrains.kotlin:kotlin-build-tools-impl:2.2.10=kotlinBuildToolsApiClasspath
org.jetbrains.kotlin:kotlin-compiler-embeddable:2.2.10=kotlinBuildToolsApiClasspath,kotlinCompilerClasspath
org.jetbrains.kotlin:kotlin-compiler-runner:2.2.10=kotlinBuildToolsApiClasspath
org.jetbrains.kotlin:kotlin-compose-compiler-plugin-embeddable:2.2.10=kotlin-extension,kotlinCompilerPluginClasspathDebug,kotlinCompilerPluginClasspathRelease
org.jetbrains.kotlin:kotlin-daemon-client:2.2.10=kotlinBuildToolsApiClasspath
org.jetbrains.kotlin:kotlin-daemon-embeddable:2.2.10=kotlinBuildToolsApiClasspath,kotlinCompilerClasspath
org.jetbrains.kotlin:kotlin-parcelize-runtime:1.9.22=debugUnitTestRuntimeClasspath,releaseRuntimeClasspath
org.jetbrains.kotlin:kotlin-reflect:1.6.10=kotlinBuildToolsApiClasspath,kotlinCompilerClasspath
org.jetbrains.kotlin:kotlin-script-runtime:2.2.10=kotlinBuildToolsApiClasspath,kotlinCompilerClasspath
org.jetbrains.kotlin:kotlin-scripting-common:2.2.10=kotlinBuildToolsApiClasspath
org.jetbrains.kotlin:kotlin-scripting-compiler-embeddable:2.2.10=kotlinBuildToolsApiClasspath
org.jetbrains.kotlin:kotlin-scripting-compiler-impl-embeddable:2.2.10=kotlinBuildToolsApiClasspath
org.jetbrains.kotlin:kotlin-scripting-jvm:2.2.10=kotlinBuildToolsApiClasspath
org.jetbrains.kotlin:kotlin-stdlib-common:2.2.10=debugUnitTestRuntimeClasspath,releaseLintChecksClasspath,releaseRuntimeClasspath
org.jetbrains.kotlin:kotlin-stdlib-jdk7:1.8.21=debugCompileClasspath,releaseCompileClasspath
org.jetbrains.kotlin:kotlin-stdlib-jdk7:1.9.0=debugUnitTestRuntimeClasspath,releaseLintChecksClasspath,releaseRuntimeClasspath
org.jetbrains.kotlin:kotlin-stdlib-jdk8:1.8.21=debugCompileClasspath,releaseCompileClasspath
org.jetbrains.kotlin:kotlin-stdlib-jdk8:1.9.0=debugUnitTestRuntimeClasspath,releaseLintChecksClasspath,releaseRuntimeClasspath
org.jetbrains.kotlin:kotlin-stdlib:2.2.10=debugCompileClasspath,debugUnitTestRuntimeClasspath,kotlinBuildToolsApiClasspath,kotlinCompilerClasspath,releaseCompileClasspath,releaseLintChecksClasspath,releaseRuntimeClasspath
org.jetbrains.kotlinx:kotlinx-coroutines-android:1.10.2=debugCompileClasspath,debugUnitTestRuntimeClasspath,releaseCompileClasspath,releaseLintChecksClasspath,releaseRuntimeClasspath
org.jetbrains.kotlinx:kotlinx-coroutines-bom:1.10.2=debugCompileClasspath,debugUnitTestRuntimeClasspath,releaseCompileClasspath,releaseLintChecksClasspath,releaseRuntimeClasspath
org.jetbrains.kotlinx:kotlinx-coroutines-core-jvm:1.10.2=debugCompileClasspath,debugUnitTestRuntimeClasspath,releaseCompileClasspath,releaseLintChecksClasspath,releaseRuntimeClasspath
org.jetbrains.kotlinx:kotlinx-coroutines-core-jvm:1.8.0=kotlinBuildToolsApiClasspath,kotlinCompilerClasspath
org.jetbrains.kotlinx:kotlinx-coroutines-core:1.10.2=debugCompileClasspath,debugUnitTestRuntimeClasspath,releaseCompileClasspath,releaseLintChecksClasspath,releaseRuntimeClasspath
org.jetbrains.kotlinx:kotlinx-serialization-bom:1.7.3=debugCompileClasspath,debugUnitTestRuntimeClasspath,releaseCompileClasspath,releaseLintChecksClasspath,releaseRuntimeClasspath
org.jetbrains.kotlinx:kotlinx-serialization-core-jvm:1.7.3=debugCompileClasspath,debugUnitTestRuntimeClasspath,releaseCompileClasspath,releaseLintChecksClasspath,releaseRuntimeClasspath
org.jetbrains.kotlinx:kotlinx-serialization-core:1.7.3=debugCompileClasspath,debugUnitTestRuntimeClasspath,releaseCompileClasspath,releaseLintChecksClasspath,releaseRuntimeClasspath
org.jetbrains:annotations:13.0=kotlinBuildToolsApiClasspath,kotlinCompilerClasspath
org.jetbrains:annotations:23.0.0=debugCompileClasspath,debugUnitTestRuntimeClasspath,releaseCompileClasspath,releaseLintChecksClasspath,releaseRuntimeClasspath
org.jspecify:jspecify:1.0.0=debugCompileClasspath,debugUnitTestRuntimeClasspath,releaseCompileClasspath,releaseLintChecksClasspath,releaseRuntimeClasspath
org.jupnp:org.jupnp:3.0.5=debugUnitTestRuntimeClasspath,releaseLintChecksClasspath,releaseRuntimeClasspath
org.slf4j:slf4j-api:2.0.11=debugUnitTestRuntimeClasspath,releaseLintChecksClasspath,releaseRuntimeClasspath
empty=androidApis,debugAnnotationProcessorClasspath,debugUnitTestAnnotationProcessorClasspath,kotlinCompilerPluginClasspath,lintChecks,lintPublish,releaseAnnotationProcessorClasspath
